Microsoft Visual Studio Solution File, Format Version 8.00
Project("{8BC9CEB8-8B4A-11D0-8D11-00A0C91BC942}") = "MyShell", "MyShell.vcproj", "{46B3A0D8-CC26-4BA6-9517-799A973C9954}"
	ProjectSection(ProjectDependencies) = postProject
	EndProjectSection
EndProject
Global
	GlobalSection(SolutionConfiguration) = preSolution
		Debug = Debug
		Release = Release
	EndGlobalSection
	GlobalSection(ProjectConfiguration) = postSolution
		{46B3A0D8-CC26-4BA6-9517-799A973C9954}.Debug.ActiveCfg = Debug|Win32
		{46B3A0D8-CC26-4BA6-9517-799A973C9954}.Debug.Build.0 = Debug|Win32
		{46B3A0D8-CC26-4BA6-9517-799A973C9954}.Release.ActiveCfg = Release|Win32
		{46B3A0D8-CC26-4BA6-9517-799A973C9954}.Release.Build.0 = Release|Win32
	EndGlobalSection
	GlobalSection(ExtensibilityGlobals) = postSolution
	EndGlobalSection
	GlobalSection(ExtensibilityAddIns) = postSolution
	EndGlobalSection
EndGlobal
